
Microsoft Visual Studio Solution File, Format Version 12.00
# Visual Studio 15
VisualStudioVersion = 15.0.27130.2027
MinimumVisualStudioVersion = 10.0.40219.1
Project("{FAE04EC0-301F-11D3-BF4B-00C04F79EFBC}") = "AngleCalcWPF", "AngleCalcWPF.csproj", "{052A35F1-50AB-42BB-AA23-0539C1152E82}"
EndProject
Global
	GlobalSection(SolutionConfigurationPlatforms) = preSolution
		Debug|Any CPU = Debug|Any CPU
		Release|Any CPU = Release|Any CPU
	EndGlobalSection
	GlobalSection(ProjectConfigurationPlatforms) = postSolution
		{052A35F1-50AB-42BB-AA23-0539C1152E82}.Debug|Any CPU.ActiveCfg = Debug|Any CPU
		{052A35F1-50AB-42BB-AA23-0539C1152E82}.Debug|Any CPU.Build.0 = Debug|Any CPU
		{052A35F1-50AB-42BB-AA23-0539C1152E82}.Release|Any CPU.ActiveCfg = Release|Any CPU
		{052A35F1-50AB-42BB-AA23-0539C1152E82}.Release|Any CPU.Build.0 = Release|Any CPU
	EndGlobalSection
	GlobalSection(SolutionProperties) = preSolution
		HideSolutionNode = FALSE
	EndGlobalSection
	GlobalSection(ExtensibilityGlobals) = postSolution
		SolutionGuid = {78FBC869-7638-46B9-ABF0-F80C217C5002}
	EndGlobalSection
EndGlobal
